
Microsoft Visual Studio Solution File, Format Version 12.00
# Visual Studio Version 17
VisualStudioVersion = 17.1.32319.34
MinimumVisualStudioVersion = 10.0.40219.1
Project("{FAE04EC0-301F-11D3-BF4B-00C04F79EFBC}") = "AppPSOne.Android", "AppPSOne.Android\AppPSOne.Android.csproj", "{1D03D364-7C5D-4C39-AAB6-19551AF18C3E}"
EndProject
Project("{FAE04EC0-301F-11D3-BF4B-00C04F79EFBC}") = "AppPSOne.iOS", "AppPSOne.iOS\AppPSOne.iOS.csproj", "{B3E37183-B815-43F5-B62E-DE77B81877F6}"
EndProject
Project("{FAE04EC0-301F-11D3-BF4B-00C04F79EFBC}") = "AppPSOne", "AppPSOne\AppPSOne.csproj", "{8E976D9B-FB84-4A01-8C63-600FF49436EE}"
EndProject
Global
	GlobalSection(SolutionConfigurationPlatforms) = preSolution
		Debug|Any CPU = Debug|Any CPU
		Debug|iPhone = Debug|iPhone
		Debug|iPhoneSimulator = Debug|iPhoneSimulator
		Release|Any CPU = Release|Any CPU
		Release|iPhone = Release|iPhone
		Release|iPhoneSimulator = Release|iPhoneSimulator
	EndGlobalSection
	GlobalSection(ProjectConfigurationPlatforms) = postSolution
		{1D03D364-7C5D-4C39-AAB6-19551AF18C3E}.Debug|Any CPU.ActiveCfg = Debug|Any CPU
		{1D03D364-7C5D-4C39-AAB6-19551AF18C3E}.Debug|Any CPU.Build.0 = Debug|Any CPU
		{1D03D364-7C5D-4C39-AAB6-19551AF18C3E}.Debug|Any CPU.Deploy.0 = Debug|Any CPU
		{1D03D364-7C5D-4C39-AAB6-19551AF18C3E}.Debug|iPhone.ActiveCfg = Debug|Any CPU
		{1D03D364-7C5D-4C39-AAB6-19551AF18C3E}.Debug|iPhone.Build.0 = Debug|Any CPU
		{1D03D364-7C5D-4C39-AAB6-19551AF18C3E}.Debug|iPhone.Deploy.0 = Debug|Any CPU
		{1D03D364-7C5D-4C39-AAB6-19551AF18C3E}.Debug|iPhoneSimulator.ActiveCfg = Debug|Any CPU
		{1D03D364-7C5D-4C39-AAB6-19551AF18C3E}.Debug|iPhoneSimulator.Build.0 = Debug|Any CPU
		{1D03D364-7C5D-4C39-AAB6-19551AF18C3E}.Debug|iPhoneSimulator.Deploy.0 = Debug|Any CPU
		{1D03D364-7C5D-4C39-AAB6-19551AF18C3E}.Release|Any CPU.ActiveCfg = Release|Any CPU
		{1D03D364-7C5D-4C39-AAB6-19551AF18C3E}.Release|Any CPU.Build.0 = Release|Any CPU
		{1D03D364-7C5D-4C39-AAB6-19551AF18C3E}.Release|Any CPU.Deploy.0 = Release|Any CPU
		{1D03D364-7C5D-4C39-AAB6-19551AF18C3E}.Release|iPhone.ActiveCfg = Release|Any CPU
		{1D03D364-7C5D-4C39-AAB6-19551AF18C3E}.Release|iPhone.Build.0 = Release|Any CPU
		{1D03D364-7C5D-4C39-AAB6-19551AF18C3E}.Release|iPhone.Deploy.0 = Release|Any CPU
		{1D03D364-7C5D-4C39-AAB6-19551AF18C3E}.Release|iPhoneSimulator.ActiveCfg = Release|Any CPU
		{1D03D364-7C5D-4C39-AAB6-19551AF18C3E}.Release|iPhoneSimulator.Build.0 = Release|Any CPU
		{1D03D364-7C5D-4C39-AAB6-19551AF18C3E}.Release|iPhoneSimulator.Deploy.0 = Release|Any CPU
		{B3E37183-B815-43F5-B62E-DE77B81877F6}.Debug|Any CPU.ActiveCfg = Debug|iPhone
		{B3E37183-B815-43F5-B62E-DE77B81877F6}.Debug|Any CPU.Build.0 = Debug|iPhone
		{B3E37183-B815-43F5-B62E-DE77B81877F6}.Debug|Any CPU.Deploy.0 = Debug|iPhone
		{B3E37183-B815-43F5-B62E-DE77B81877F6}.Debug|iPhone.ActiveCfg = Debug|iPhone
		{B3E37183-B815-43F5-B62E-DE77B81877F6}.Debug|iPhone.Build.0 = Debug|iPhone
		{B3E37183-B815-43F5-B62E-DE77B81877F6}.Debug|iPhone.Deploy.0 = Debug|iPhone
		{B3E37183-B815-43F5-B62E-DE77B81877F6}.Debug|iPhoneSimulator.ActiveCfg = Debug|iPhoneSimulator
		{B3E37183-B815-43F5-B62E-DE77B81877F6}.Debug|iPhoneSimulator.Build.0 = Debug|iPhoneSimulator
		{B3E37183-B815-43F5-B62E-DE77B81877F6}.Debug|iPhoneSimulator.Deploy.0 = Debug|iPhoneSimulator
		{B3E37183-B815-43F5-B62E-DE77B81877F6}.Release|Any CPU.ActiveCfg = Release|iPhoneSimulator
		{B3E37183-B815-43F5-B62E-DE77B81877F6}.Release|Any CPU.Build.0 = Release|iPhoneSimulator
		{B3E37183-B815-43F5-B62E-DE77B81877F6}.Release|Any CPU.Deploy.0 = Release|iPhoneSimulator
		{B3E37183-B815-43F5-B62E-DE77B81877F6}.Release|iPhone.ActiveCfg = Release|iPhone
		{B3E37183-B815-43F5-B62E-DE77B81877F6}.Release|iPhone.Build.0 = Release|iPhone
		{B3E37183-B815-43F5-B62E-DE77B81877F6}.Release|iPhone.Deploy.0 = Release|iPhone
		{B3E37183-B815-43F5-B62E-DE77B81877F6}.Release|iPhoneSimulator.ActiveCfg = Release|iPhoneSimulator
		{B3E37183-B815-43F5-B62E-DE77B81877F6}.Release|iPhoneSimulator.Build.0 = Release|iPhoneSimulator
		{B3E37183-B815-43F5-B62E-DE77B81877F6}.Release|iPhoneSimulator.Deploy.0 = Release|iPhoneSimulator
		{8E976D9B-FB84-4A01-8C63-600FF49436EE}.Debug|Any CPU.ActiveCfg = Debug|Any CPU
		{8E976D9B-FB84-4A01-8C63-600FF49436EE}.Debug|Any CPU.Build.0 = Debug|Any CPU
		{8E976D9B-FB84-4A01-8C63-600FF49436EE}.Debug|Any CPU.Deploy.0 = Debug|Any CPU
		{8E976D9B-FB84-4A01-8C63-600FF49436EE}.Debug|iPhone.ActiveCfg = Debug|Any CPU
		{8E976D9B-FB84-4A01-8C63-600FF49436EE}.Debug|iPhone.Build.0 = Debug|Any CPU
		{8E976D9B-FB84-4A01-8C63-600FF49436EE}.Debug|iPhone.Deploy.0 = Debug|Any CPU
		{8E976D9B-FB84-4A01-8C63-600FF49436EE}.Debug|iPhoneSimulator.ActiveCfg = Debug|Any CPU
		{8E976D9B-FB84-4A01-8C63-600FF49436EE}.Debug|iPhoneSimulator.Build.0 = Debug|Any CPU
		{8E976D9B-FB84-4A01-8C63-600FF49436EE}.Debug|iPhoneSimulator.Deploy.0 = Debug|Any CPU
		{8E976D9B-FB84-4A01-8C63-600FF49436EE}.Release|Any CPU.ActiveCfg = Release|Any CPU
		{8E976D9B-FB84-4A01-8C63-600FF49436EE}.Release|Any CPU.Build.0 = Release|Any CPU
		{8E976D9B-FB84-4A01-8C63-600FF49436EE}.Release|Any CPU.Deploy.0 = Release|Any CPU
		{8E976D9B-FB84-4A01-8C63-600FF49436EE}.Release|iPhone.ActiveCfg = Release|Any CPU
		{8E976D9B-FB84-4A01-8C63-600FF49436EE}.Release|iPhone.Build.0 = Release|Any CPU
		{8E976D9B-FB84-4A01-8C63-600FF49436EE}.Release|iPhone.Deploy.0 = Release|Any CPU
		{8E976D9B-FB84-4A01-8C63-600FF49436EE}.Release|iPhoneSimulator.ActiveCfg = Release|Any CPU
		{8E976D9B-FB84-4A01-8C63-600FF49436EE}.Release|iPhoneSimulator.Build.0 = Release|Any CPU
		{8E976D9B-FB84-4A01-8C63-600FF49436EE}.Release|iPhoneSimulator.Deploy.0 = Release|Any CPU
	EndGlobalSection
	GlobalSection(SolutionProperties) = preSolution
		HideSolutionNode = FALSE
	EndGlobalSection
	GlobalSection(ExtensibilityGlobals) = postSolution
		SolutionGuid = {674BE405-1B35-4D3A-906C-01BF4F32C60F}
	EndGlobalSection
EndGlobal
